
Microsoft Visual Studio Solution File, Format Version 12.00
# Visual Studio 15
VisualStudioVersion = 15.0.28010.2050
MinimumVisualStudioVersion = 10.0.40219.1
Project("{FAE04EC0-301F-11D3-BF4B-00C04F79EFBC}") = "NotePadDev", "NotePadDev\NotePadDev.csproj", "{7C660539-9B2F-4648-A724-E25AD39F6B3D}"
EndProject
Project("{54435603-DBB4-11D2-8724-00A0C9A8B90C}") = "NotePadDevInstaller", "NotePadDevInstaller\NotePadDevInstaller.vdproj", "{916CF4CA-81BF-4AEA-AC64-F351E9AE8E77}"
EndProject
Global
	GlobalSection(SolutionConfigurationPlatforms) = preSolution
		Debug|Any CPU = Debug|Any CPU
		Release|Any CPU = Release|Any CPU
	EndGlobalSection
	GlobalSection(ProjectConfigurationPlatforms) = postSolution
		{7C660539-9B2F-4648-A724-E25AD39F6B3D}.Debug|Any CPU.ActiveCfg = Debug|Any CPU
		{7C660539-9B2F-4648-A724-E25AD39F6B3D}.Debug|Any CPU.Build.0 = Debug|Any CPU
		{7C660539-9B2F-4648-A724-E25AD39F6B3D}.Release|Any CPU.ActiveCfg = Release|Any CPU
		{7C660539-9B2F-4648-A724-E25AD39F6B3D}.Release|Any CPU.Build.0 = Release|Any CPU
		{916CF4CA-81BF-4AEA-AC64-F351E9AE8E77}.Debug|Any CPU.ActiveCfg = Debug
		{916CF4CA-81BF-4AEA-AC64-F351E9AE8E77}.Release|Any CPU.ActiveCfg = Release
	EndGlobalSection
	GlobalSection(SolutionProperties) = preSolution
		HideSolutionNode = FALSE
	EndGlobalSection
	GlobalSection(ExtensibilityGlobals) = postSolution
		SolutionGuid = {C55AF469-A25A-4BDE-BC53-ED64CFAA6867}
	EndGlobalSection
EndGlobal
